
Microsoft Visual Studio Solution File, Format Version 12.00
# Visual Studio 2012
Project("{FAE04EC0-301F-11D3-BF4B-00C04F79EFBC}") = "KillIgHk", "KillIgHk.csproj", "{79EA0091-3613-43F5-AB8F-CDCE5F8463E2}"
EndProject
Global
	GlobalSection(SolutionConfigurationPlatforms) = preSolution
		Debug|Any CPU = Debug|Any CPU
		Release|Any CPU = Release|Any CPU
	EndGlobalSection
	GlobalSection(ProjectConfigurationPlatforms) = postSolution
		{79EA0091-3613-43F5-AB8F-CDCE5F8463E2}.Debug|Any CPU.ActiveCfg = Debug|Any CPU
		{79EA0091-3613-43F5-AB8F-CDCE5F8463E2}.Debug|Any CPU.Build.0 = Debug|Any CPU
		{79EA0091-3613-43F5-AB8F-CDCE5F8463E2}.Release|Any CPU.ActiveCfg = Release|Any CPU
		{79EA0091-3613-43F5-AB8F-CDCE5F8463E2}.Release|Any CPU.Build.0 = Release|Any CPU
	EndGlobalSection
	GlobalSection(SolutionProperties) = preSolution
		HideSolutionNode = FALSE
	EndGlobalSection
EndGlobal
